// !$*UTF8*$!
{
	archiveVersion = 1;
	classes = {
	};
	objectVersion = 46;
	objects = {

/* Begin PBXBuildFile section */
		220DE9621D5287A200DE01DA /* AppDelegate.swift in Sources */ = {isa = PBXBuildFile; fileRef = 220DE9611D5287A200DE01DA /* AppDelegate.swift */; };
		220DE9641D5287A200DE01DA /* PhotosViewController.swift in Sources */ = {isa = PBXBuildFile; fileRef = 220DE9631D5287A200DE01DA /* PhotosViewController.swift */; };
		220DE9671D5287A200DE01DA /* Main.storyboard in Resources */ = {isa = PBXBuildFile; fileRef = 220DE9651D5287A200DE01DA /* Main.storyboard */; };
		220DE9691D5287A200DE01DA /* Assets.xcassets in Resources */ = {isa = PBXBuildFile; fileRef = 220DE9681D5287A200DE01DA /* Assets.xcassets */; };
		220DE96C1D5287A200DE01DA /* LaunchScreen.storyboard in Resources */ = {isa = PBXBuildFile; fileRef = 220DE96A1D5287A200DE01DA /* LaunchScreen.storyboard */; };
		22A6A27C1D52918C00DAA00D /* PostTableViewCell.swift in Sources */ = {isa = PBXBuildFile; fileRef = 22A6A27B1D52918C00DAA00D /* PostTableViewCell.swift */; };
		9E61036571B32CB9B0D1CB7B /* Pods_tumblrClient.framework in Frameworks */ = {isa = PBXBuildFile; fileRef = 061C0295B5E43502EAD10455 /* Pods_tumblrClient.framework */; };
		C57BE3041D5298B800086A1C /* PhotoDetailsViewController.swift in Sources */ = {isa = PBXBuildFile; fileRef = C57BE3031D5298B800086A1C /* PhotoDetailsViewController.swift */; };
/* End PBXBuildFile section */

/* Begin PBXFileReference section */
		061C0295B5E43502EAD10455 /* Pods_tumblrClient.framework */ = {isa = PBXFileReference; explicitFileType = wrapper.framework; includeInIndex = 0; path = Pods_tumblrClient.framework; sourceTree = BUILT_PRODUCTS_DIR; };
		220DE95E1D5287A200DE01DA /* tumblrClient.app */ = {isa = PBXFileReference; explicitFileType = wrapper.application; includeInIndex = 0; path = tumblrClient.app; sourceTree = BUILT_PRODUCTS_DIR; };
		220DE9611D5287A200DE01DA /* AppDelegate.swift */ = {isa = PBXFileReference; lastKnownFileType = sourcecode.swift; path = AppDelegate.swift; sourceTree = "<group>"; };
		220DE9631D5287A200DE01DA /* PhotosViewController.swift */ = {isa = PBXFileReference; lastKnownFileType = sourcecode.swift; path = PhotosViewController.swift; sourceTree = "<group>"; };
		220DE9661D5287A200DE01DA /* Base */ = {isa = PBXFileReference; lastKnownFileType = file.storyboard; name = Base; path = Base.lproj/Main.storyboard; sourceTree = "<group>"; };
		220DE9681D5287A200DE01DA /* Assets.xcassets */ = {isa = PBXFileReference; lastKnownFileType = folder.assetcatalog; path = Assets.xcassets; sourceTree = "<group>"; };
		220DE96B1D5287A200DE01DA /* Base */ = {isa = PBXFileReference; lastKnownFileType = file.storyboard; name = Base; path = Base.lproj/LaunchScreen.storyboard; sourceTree = "<group>"; };
		220DE96D1D5287A200DE01DA /* Info.plist */ = {isa = PBXFileReference; lastKnownFileType = text.plist.xml; path = Info.plist; sourceTree = "<group>"; };
		22A6A27B1D52918C00DAA00D /* PostTableViewCell.swift */ = {isa = PBXFileReference; fileEncoding = 4; lastKnownFileType = sourcecode.swift; path = PostTableViewCell.swift; sourceTree = "<group>"; };
		49615E7E46B0E5F41C73A932 /* Pods-tumblrClient.release.xcconfig */ = {isa = PBXFileReference; includeInIndex = 1; lastKnownFileType = text.xcconfig; name = "Pods-tumblrClient.release.xcconfig"; path = "Pods/Target Support Files/Pods-tumblrClient/Pods-tumblrClient.release.xcconfig"; sourceTree = "<group>"; };
		8E7DCCAAE3DAF7A18C8F9615 /* Pods-tumblrClient.debug.xcconfig */ = {isa = PBXFileReference; includeInIndex = 1; lastKnownFileType = text.xcconfig; name = "Pods-tumblrClient.debug.xcconfig"; path = "Pods/Target Support Files/Pods-tumblrClient/Pods-tumblrClient.debug.xcconfig"; sourceTree = "<group>"; };
		C57BE3031D5298B800086A1C /* PhotoDetailsViewController.swift */ = {isa = PBXFileReference; fileEncoding = 4; lastKnownFileType = sourcecode.swift; path = PhotoDetailsViewController.swift; sourceTree = "<group>"; };
/* End PBXFileReference section */

/* Begin PBXFrameworksBuildPhase section */
		220DE95B1D5287A200DE01DA /* Frameworks */ = {
			isa = PBXFrameworksBuildPhase;
			buildActionMask = 2147483647;
			files = (
				9E61036571B32CB9B0D1CB7B /* Pods_tumblrClient.framework in Frameworks */,
			);
			runOnlyForDeploymentPostprocessing = 0;
		};
/* End PBXFrameworksBuildPhase section */

/* Begin PBXGroup section */
		220DE9551D5287A200DE01DA = {
			isa = PBXGroup;
			children = (
				220DE9601D5287A200DE01DA /* tumblrClient */,
				220DE95F1D5287A200DE01DA /* Products */,
				30A4155106445A61D005AC73 /* Pods */,
				727A6445BA74002F00E340C3 /* Frameworks */,
			);
			sourceTree = "<group>";
		};
		220DE95F1D5287A200DE01DA /* Products */ = {
			isa = PBXGroup;
			children = (
				220DE95E1D5287A200DE01DA /* tumblrClient.app */,
			);
			name = Products;
			sourceTree = "<group>";
		};
		220DE9601D5287A200DE01DA /* tumblrClient */ = {
			isa = PBXGroup;
			children = (
				220DE9611D5287A200DE01DA /* AppDelegate.swift */,
				220DE9631D5287A200DE01DA /* PhotosViewController.swift */,
				220DE9651D5287A200DE01DA /* Main.storyboard */,
				220DE9681D5287A200DE01DA /* Assets.xcassets */,
				220DE96A1D5287A200DE01DA /* LaunchScreen.storyboard */,
				220DE96D1D5287A200DE01DA /* Info.plist */,
				22A6A27B1D52918C00DAA00D /* PostTableViewCell.swift */,
				C57BE3031D5298B800086A1C /* PhotoDetailsViewController.swift */,
			);
			path = tumblrClient;
			sourceTree = "<group>";
		};
		30A4155106445A61D005AC73 /* Pods */ = {
			isa = PBXGroup;
			children = (
				8E7DCCAAE3DAF7A18C8F9615 /* Pods-tumblrClient.debug.xcconfig */,
				49615E7E46B0E5F41C73A932 /* Pods-tumblrClient.release.xcconfig */,
			);
			name = Pods;
			sourceTree = "<group>";
		};
		727A6445BA74002F00E340C3 /* Frameworks */ = {
			isa = PBXGroup;
			children = (
				061C0295B5E43502EAD10455 /* Pods_tumblrClient.framework */,
			);
			name = Frameworks;
			sourceTree = "<group>";
		};
/* End PBXGroup section */

/* Begin PBXNativeTarget section */
		220DE95D1D5287A200DE01DA /* tumblrClient */ = {
			isa = PBXNativeTarget;
			buildConfigurationList = 220DE9701D5287A200DE01DA /* Build configuration list for PBXNativeTarget "tumblrClient" */;
			buildPhases = (
				005EA7B6B9B8A26D77F9912A /* [CP] Check Pods Manifest.lock */,
				220DE95A1D5287A200DE01DA /* Sources */,
				220DE95B1D5287A200DE01DA /* Frameworks */,
				220DE95C1D5287A200DE01DA /* Resources */,
				F1597FCD673A7BD02A13AE75 /* [CP] Embed Pods Frameworks */,
				42F162B72EBC62C7F3C7347A /* [CP] Copy Pods Resources */,
			);
			buildRules = (
			);
			dependencies = (
			);
			name = tumblrClient;
			productName = tumblrClient;
			productReference = 220DE95E1D5287A200DE01DA /* tumblrClient.app */;
			productType = "com.apple.product-type.application";
		};
/* End PBXNativeTarget section */

/* Begin PBXProject section */
		220DE9561D5287A200DE01DA /* Project object */ = {
			isa = PBXProject;
			attributes = {
				LastSwiftUpdateCheck = 0730;
				LastUpgradeCheck = 0730;
				ORGANIZATIONNAME = tianhe_wang;
				TargetAttributes = {
					220DE95D1D5287A200DE01DA = {
						CreatedOnToolsVersion = 7.3.1;
					};
				};
			};
			buildConfigurationList = 220DE9591D5287A200DE01DA /* Build configuration list for PBXProject "tumblrClient" */;
			compatibilityVersion = "Xcode 3.2";
			developmentRegion = English;
			hasScannedForEncodings = 0;
			knownRegions = (
				en,
				Base,
			);
			mainGroup = 220DE9551D5287A200DE01DA;
			productRefGroup = 220DE95F1D5287A200DE01DA /* Products */;
			projectDirPath = "";
			projectRoot = "";
			targets = (
				220DE95D1D5287A200DE01DA /* tumblrClient */,
			);
		};
/* End PBXProject section */

/* Begin PBXResourcesBuildPhase section */
		220DE95C1D5287A200DE01DA /* Resources */ = {
			isa = PBXResourcesBuildPhase;
			buildActionMask = 2147483647;
			files = (
				220DE96C1D5287A200DE01DA /* LaunchScreen.storyboard in Resources */,
				220DE9691D5287A200DE01DA /* Assets.xcassets in Resources */,
				220DE9671D5287A200DE01DA /* Main.storyboard in Resources */,
			);
			runOnlyForDeploymentPostprocessing = 0;
		};
/* End PBXResourcesBuildPhase section */

/* Begin PBXShellScriptBuildPhase section */
		005EA7B6B9B8A26D77F9912A /* [CP] Check Pods Manifest.lock */ = {
			isa = PBXShellScriptBuildPhase;
			buildActionMask = 2147483647;
			files = (
			);
			inputPaths = (
			);
			name = "[CP] Check Pods Manifest.lock";
			outputPaths = (
			);
			runOnlyForDeploymentPostprocessing = 0;
			shellPath = /bin/sh;
			shellScript = "diff \"${PODS_ROOT}/../Podfile.lock\" \"${PODS_ROOT}/Manifest.lock\" > /dev/null\nif [[ $? != 0 ]] ; then\n    cat << EOM\nerror: The sandbox is not in sync with the Podfile.lock. Run 'pod install' or update your CocoaPods installation.\nEOM\n    exit 1\nfi\n";
			showEnvVarsInLog = 0;
		};
		42F162B72EBC62C7F3C7347A /* [CP] Copy Pods Resources */ = {
			isa = PBXShellScriptBuildPhase;
			buildActionMask = 2147483647;
			files = (
			);
			inputPaths = (
			);
			name = "[CP] Copy Pods Resources";
			outputPaths = (
			);
			runOnlyForDeploymentPostprocessing = 0;
			shellPath = /bin/sh;
			shellScript = "\"${SRCROOT}/Pods/Target Support Files/Pods-tumblrClient/Pods-tumblrClient-resources.sh\"\n";
			showEnvVarsInLog = 0;
		};
		F1597FCD673A7BD02A13AE75 /* [CP] Embed Pods Frameworks */ = {
			isa = PBXShellScriptBuildPhase;
			buildActionMask = 2147483647;
			files = (
			);
			inputPaths = (
			);
			name = "[CP] Embed Pods Frameworks";
			outputPaths = (
			);
			runOnlyForDeploymentPostprocessing = 0;
			shellPath = /bin/sh;
			shellScript = "\"${SRCROOT}/Pods/Target Support Files/Pods-tumblrClient/Pods-tumblrClient-frameworks.sh\"\n";
			showEnvVarsInLog = 0;
		};
/* End PBXShellScriptBuildPhase section */

/* Begin PBXSourcesBuildPhase section */
		220DE95A1D5287A200DE01DA /* Sources */ = {
			isa = PBXSourcesBuildPhase;
			buildActionMask = 2147483647;
			files = (
				C57BE3041D5298B800086A1C /* PhotoDetailsViewController.swift in Sources */,
				220DE9641D5287A200DE01DA /* PhotosViewController.swift in Sources */,
				220DE9621D5287A200DE01DA /* AppDelegate.swift in Sources */,
				22A6A27C1D52918C00DAA00D /* PostTableViewCell.swift in Sources */,
			);
			runOnlyForDeploymentPostprocessing = 0;
		};
/* End PBXSourcesBuildPhase section */

/* Begin PBXVariantGroup section */
		220DE9651D5287A200DE01DA /* Main.storyboard */ = {
			isa = PBXVariantGroup;
			children = (
				220DE9661D5287A200DE01DA /* Base */,
			);
			name = Main.storyboard;
			sourceTree = "<group>";
		};
		220DE96A1D5287A200DE01DA /* LaunchScreen.storyboard */ = {
			isa = PBXVariantGroup;
			children = (
				220DE96B1D5287A200DE01DA /* Base */,
			);
			name = LaunchScreen.storyboard;
			sourceTree = "<group>";
		};
/* End PBXVariantGroup section */

/* Begin XCBuildConfiguration section */
		220DE96E1D5287A200DE01DA /* Debug */ = {
			isa = XCBuildConfiguration;
			buildSettings = {
				ALWAYS_SEARCH_USER_PATHS = NO;
				CLANG_ANALYZER_NONNULL = YES;
				CLANG_CXX_LANGUAGE_STANDARD = "gnu++0x";
				CLANG_CXX_LIBRARY = "libc++";
				CLANG_ENABLE_MODULES = YES;
				CLANG_ENABLE_OBJC_ARC = YES;
				CLANG_WARN_BOOL_CONVERSION = YES;
				CLANG_WARN_CONSTANT_CONVERSION = YES;
				CLANG_WARN_DIRECT_OBJC_ISA_USAGE = YES_ERROR;
				CLANG_WARN_EMPTY_BODY = YES;
				CLANG_WARN_ENUM_CONVERSION = YES;
				CLANG_WARN_INT_CONVERSION = YES;
				CLANG_WARN_OBJC_ROOT_CLASS = YES_ERROR;
				CLANG_WARN_UNREACHABLE_CODE = YES;
				CLANG_WARN__DUPLICATE_METHOD_MATCH = YES;
				"CODE_SIGN_IDENTITY[sdk=iphoneos*]" = "iPhone Developer";
				COPY_PHASE_STRIP = NO;
				DEBUG_INFORMATION_FORMAT = dwarf;
				ENABLE_STRICT_OBJC_MSGSEND = YES;
				ENABLE_TESTABILITY = YES;
				GCC_C_LANGUAGE_STANDARD = gnu99;
				GCC_DYNAMIC_NO_PIC = NO;
				GCC_NO_COMMON_BLOCKS = YES;
				GCC_OPTIMIZATION_LEVEL = 0;
				GCC_PREPROCESSOR_DEFINITIONS = (
					"DEBUG=1",
					"$(inherited)",
				);
				GCC_WARN_64_TO_32_BIT_CONVERSION = YES;
				GCC_WARN_ABOUT_RETURN_TYPE = YES_ERROR;
				GCC_WARN_UNDECLARED_SELECTOR = YES;
				GCC_WARN_UNINITIALIZED_AUTOS = YES_AGGRESSIVE;
				GCC_WARN_UNUSED_FUNCTION = YES;
				GCC_WARN_UNUSED_VARIABLE = YES;
				IPHONEOS_DEPLOYMENT_TARGET = 9.3;
				MTL_ENABLE_DEBUG_INFO = YES;
				ONLY_ACTIVE_ARCH = YES;
				SDKROOT = iphoneos;
				SWIFT_OPTIMIZATION_LEVEL = "-Onone";
				TARGETED_DEVICE_FAMILY = "1,2";
			};
			name = Debug;
		};
		220DE96F1D5287A200DE01DA /* Release */ = {
			isa = XCBuildConfiguration;
			buildSettings = {
				ALWAYS_SEARCH_USER_PATHS = NO;
				CLANG_ANALYZER_NONNULL = YES;
				CLANG_CXX_LANGUAGE_STANDARD = "gnu++0x";
				CLANG_CXX_LIBRARY = "libc++";
				CLANG_ENABLE_MODULES = YES;
				CLANG_ENABLE_OBJC_ARC = YES;
				CLANG_WARN_BOOL_CONVERSION = YES;
				CLANG_WARN_CONSTANT_CONVERSION = YES;
				CLANG_WARN_DIRECT_OBJC_ISA_USAGE = YES_ERROR;
				CLANG_WARN_EMPTY_BODY = YES;
				CLANG_WARN_ENUM_CONVERSION = YES;
				CLANG_WARN_INT_CONVERSION = YES;
				CLANG_WARN_OBJC_ROOT_CLASS = YES_ERROR;
				CLANG_WARN_UNREACHABLE_CODE = YES;
				CLANG_WARN__DUPLICATE_METHOD_MATCH = YES;
				"CODE_SIGN_IDENTITY[sdk=iphoneos*]" = "iPhone Developer";
				COPY_PHASE_STRIP = NO;
				DEBUG_INFORMATION_FORMAT = "dwarf-with-dsym";
				ENABLE_NS_ASSERTIONS = NO;
				ENABLE_STRICT_OBJC_MSGSEND = YES;
				GCC_C_LANGUAGE_STANDARD = gnu99;
				GCC_NO_COMMON_BLOCKS = YES;
				GCC_WARN_64_TO_32_BIT_CONVERSION = YES;
				GCC_WARN_ABOUT_RETURN_TYPE = YES_ERROR;
				GCC_WARN_UNDECLARED_SELECTOR = YES;
				GCC_WARN_UNINITIALIZED_AUTOS = YES_AGGRESSIVE;
				GCC_WARN_UNUSED_FUNCTION = YES;
				GCC_WARN_UNUSED_VARIABLE = YES;
				IPHONEOS_DEPLOYMENT_TARGET = 9.3;
				MTL_ENABLE_DEBUG_INFO = NO;
				SDKROOT = iphoneos;
				TARGETED_DEVICE_FAMILY = "1,2";
				VALIDATE_PRODUCT = YES;
			};
			name = Release;
		};
		220DE9711D5287A200DE01DA /* Debug */ = {
			isa = XCBuildConfiguration;
			baseConfigurationReference = 8E7DCCAAE3DAF7A18C8F9615 /* Pods-tumblrClient.debug.xcconfig */;
			buildSettings = {
				ASSETCATALOG_COMPILER_APPICON_NAME = AppIcon;
				INFOPLIST_FILE = tumblrClient/Info.plist;
				LD_RUNPATH_SEARCH_PATHS = "$(inherited) @executable_path/Frameworks";
				PRODUCT_BUNDLE_IDENTIFIER = com.tianhe.tumblrClient;
				PRODUCT_NAME = "$(TARGET_NAME)";
			};
			name = Debug;
		};
		220DE9721D5287A200DE01DA /* Release */ = {
			isa = XCBuildConfiguration;
			baseConfigurationReference = 49615E7E46B0E5F41C73A932 /* Pods-tumblrClient.release.xcconfig */;
			buildSettings = {
				ASSETCATALOG_COMPILER_APPICON_NAME = AppIcon;
				INFOPLIST_FILE = tumblrClient/Info.plist;
				LD_RUNPATH_SEARCH_PATHS = "$(inherited) @executable_path/Frameworks";
				PRODUCT_BUNDLE_IDENTIFIER = com.tianhe.tumblrClient;
				PRODUCT_NAME = "$(TARGET_NAME)";
			};
			name = Release;
		};
/* End XCBuildConfiguration section */

/* Begin XCConfigurationList section */
		220DE9591D5287A200DE01DA /* Build configuration list for PBXProject "tumblrClient" */ = {
			isa = XCConfigurationList;
			buildConfigurations = (
				220DE96E1D5287A200DE01DA /* Debug */,
				220DE96F1D5287A200DE01DA /* Release */,
			);
			defaultConfigurationIsVisible = 0;
			defaultConfigurationName = Release;
		};
		220DE9701D5287A200DE01DA /* Build configuration list for PBXNativeTarget "tumblrClient" */ = {
			isa = XCConfigurationList;
			buildConfigurations = (
				220DE9711D5287A200DE01DA /* Debug */,
				220DE9721D5287A200DE01DA /* Release */,
			);
			defaultConfigurationIsVisible = 0;
			defaultConfigurationName = Release;
		};
/* End XCConfigurationList section */
	};
	rootObject = 220DE9561D5287A200DE01DA /* Project object */;
}
